
Microsoft Visual Studio Solution File, Format Version 12.00
# Visual Studio Version 16
VisualStudioVersion = 16.0.32901.82
MinimumVisualStudioVersion = 10.0.40219.1
Project("{9A19103F-16F7-4668-BE54-9A1E7A4F7556}") = "nser", "nser\nser.csproj", "{737AD8E4-ACD5-4D28-8453-0B75A62E2583}"
EndProject
Project("{FAE04EC0-301F-11D3-BF4B-00C04F79EFBC}") = "DataDriven", "DataDriven\DataDriven.csproj", "{8434803F-AD04-4F16-8B99-8B9544643BBD}"
EndProject
Project("{FAE04EC0-301F-11D3-BF4B-00C04F79EFBC}") = "DataDrivenFinOps", "DataDrivenFinOps\DataDrivenFinOps.csproj", "{3AA33E22-4CD0-4B41-8412-F064E9423CC7}"
EndProject
Global
	GlobalSection(SolutionConfigurationPlatforms) = preSolution
		Debug|Any CPU = Debug|Any CPU
		Release|Any CPU = Release|Any CPU
	EndGlobalSection
	GlobalSection(ProjectConfigurationPlatforms) = postSolution
		{737AD8E4-ACD5-4D28-8453-0B75A62E2583}.Debug|Any CPU.ActiveCfg = Debug|Any CPU
		{737AD8E4-ACD5-4D28-8453-0B75A62E2583}.Debug|Any CPU.Build.0 = Debug|Any CPU
		{737AD8E4-ACD5-4D28-8453-0B75A62E2583}.Release|Any CPU.ActiveCfg = Release|Any CPU
		{737AD8E4-ACD5-4D28-8453-0B75A62E2583}.Release|Any CPU.Build.0 = Release|Any CPU
		{8434803F-AD04-4F16-8B99-8B9544643BBD}.Debug|Any CPU.ActiveCfg = Debug|Any CPU
		{8434803F-AD04-4F16-8B99-8B9544643BBD}.Debug|Any CPU.Build.0 = Debug|Any CPU
		{8434803F-AD04-4F16-8B99-8B9544643BBD}.Release|Any CPU.ActiveCfg = Release|Any CPU
		{8434803F-AD04-4F16-8B99-8B9544643BBD}.Release|Any CPU.Build.0 = Release|Any CPU
		{3AA33E22-4CD0-4B41-8412-F064E9423CC7}.Debug|Any CPU.ActiveCfg = Debug|Any CPU
		{3AA33E22-4CD0-4B41-8412-F064E9423CC7}.Debug|Any CPU.Build.0 = Debug|Any CPU
		{3AA33E22-4CD0-4B41-8412-F064E9423CC7}.Release|Any CPU.ActiveCfg = Release|Any CPU
		{3AA33E22-4CD0-4B41-8412-F064E9423CC7}.Release|Any CPU.Build.0 = Release|Any CPU
	EndGlobalSection
	GlobalSection(SolutionProperties) = preSolution
		HideSolutionNode = FALSE
	EndGlobalSection
	GlobalSection(ExtensibilityGlobals) = postSolution
		SolutionGuid = {7C4FA127-DCB2-4BD1-BB8B-53776D6723ED}
	EndGlobalSection
EndGlobal
